
Microsoft Visual Studio Solution File, Format Version 12.00
# Visual Studio Version 17
VisualStudioVersion = 17.4.33103.184
MinimumVisualStudioVersion = 10.0.40219.1
Project("{FAE04EC0-301F-11D3-BF4B-00C04F79EFBC}") = "Calculator", "Calculator\Calculator.csproj", "{CCD32F4A-85A5-4974-9DD5-9E4AF69FC1DA}"
EndProject
Global
	GlobalSection(SolutionConfigurationPlatforms) = preSolution
		Debug|Any CPU = Debug|Any CPU
		Release|Any CPU = Release|Any CPU
	EndGlobalSection
	GlobalSection(ProjectConfigurationPlatforms) = postSolution
		{CCD32F4A-85A5-4974-9DD5-9E4AF69FC1DA}.Debug|Any CPU.ActiveCfg = Debug|Any CPU
		{CCD32F4A-85A5-4974-9DD5-9E4AF69FC1DA}.Debug|Any CPU.Build.0 = Debug|Any CPU
		{CCD32F4A-85A5-4974-9DD5-9E4AF69FC1DA}.Release|Any CPU.ActiveCfg = Release|Any CPU
		{CCD32F4A-85A5-4974-9DD5-9E4AF69FC1DA}.Release|Any CPU.Build.0 = Release|Any CPU
	EndGlobalSection
	GlobalSection(SolutionProperties) = preSolution
		HideSolutionNode = FALSE
	EndGlobalSection
	GlobalSection(ExtensibilityGlobals) = postSolution
		SolutionGuid = {357D03C2-D380-4AA4-BF74-98EBBAFFB3A4}
	EndGlobalSection
EndGlobal
